// !$*UTF8*$!
{
	archiveVersion = 1;
	classes = {
	};
	objectVersion = 50;
	objects = {

/* Begin PBXBuildFile section */
		43F702C3263C1E57008210D0 /* AppDelegate.swift in Sources */ = {isa = PBXBuildFile; fileRef = 43F702C2263C1E57008210D0 /* AppDelegate.swift */; };
		43F702C5263C1E57008210D0 /* SceneDelegate.swift in Sources */ = {isa = PBXBuildFile; fileRef = 43F702C4263C1E57008210D0 /* SceneDelegate.swift */; };
		43F702C7263C1E57008210D0 /* ViewController.swift in Sources */ = {isa = PBXBuildFile; fileRef = 43F702C6263C1E57008210D0 /* ViewController.swift */; };
		43F702CA263C1E57008210D0 /* Main.storyboard in Resources */ = {isa = PBXBuildFile; fileRef = 43F702C8263C1E57008210D0 /* Main.storyboard */; };
		43F702CC263C1E58008210D0 /* Assets.xcassets in Resources */ = {isa = PBXBuildFile; fileRef = 43F702CB263C1E58008210D0 /* Assets.xcassets */; };
		43F702CF263C1E58008210D0 /* LaunchScreen.storyboard in Resources */ = {isa = PBXBuildFile; fileRef = 43F702CD263C1E58008210D0 /* LaunchScreen.storyboard */; };
/* End PBXBuildFile section */

/* Begin PBXFileReference section */
		43F702BF263C1E57008210D0 /* SpaceInfoNASA.app */ = {isa = PBXFileReference; explicitFileType = wrapper.application; includeInIndex = 0; path = SpaceInfoNASA.app; sourceTree = BUILT_PRODUCTS_DIR; };
		43F702C2263C1E57008210D0 /* AppDelegate.swift */ = {isa = PBXFileReference; lastKnownFileType = sourcecode.swift; path = AppDelegate.swift; sourceTree = "<group>"; };
		43F702C4263C1E57008210D0 /* SceneDelegate.swift */ = {isa = PBXFileReference; lastKnownFileType = sourcecode.swift; path = SceneDelegate.swift; sourceTree = "<group>"; };
		43F702C6263C1E57008210D0 /* ViewController.swift */ = {isa = PBXFileReference; lastKnownFileType = sourcecode.swift; path = ViewController.swift; sourceTree = "<group>"; };
		43F702C9263C1E57008210D0 /* Base */ = {isa = PBXFileReference; lastKnownFileType = file.storyboard; name = Base; path = Base.lproj/Main.storyboard; sourceTree = "<group>"; };
		43F702CB263C1E58008210D0 /* Assets.xcassets */ = {isa = PBXFileReference; lastKnownFileType = folder.assetcatalog; path = Assets.xcassets; sourceTree = "<group>"; };
		43F702CE263C1E58008210D0 /* Base */ = {isa = PBXFileReference; lastKnownFileType = file.storyboard; name = Base; path = Base.lproj/LaunchScreen.storyboard; sourceTree = "<group>"; };
		43F702D0263C1E58008210D0 /* Info.plist */ = {isa = PBXFileReference; lastKnownFileType = text.plist.xml; path = Info.plist; sourceTree = "<group>"; };
/* End PBXFileReference section */

/* Begin PBXFrameworksBuildPhase section */
		43F702BC263C1E57008210D0 /* Frameworks */ = {
			isa = PBXFrameworksBuildPhase;
			buildActionMask = 2147483647;
			files = (
			);
			runOnlyForDeploymentPostprocessing = 0;
		};
/* End PBXFrameworksBuildPhase section */

/* Begin PBXGroup section */
		43F702B6263C1E57008210D0 = {
			isa = PBXGroup;
			children = (
				43F702C1263C1E57008210D0 /* SpaceInfoNASA */,
				43F702C0263C1E57008210D0 /* Products */,
			);
			sourceTree = "<group>";
		};
		43F702C0263C1E57008210D0 /* Products */ = {
			isa = PBXGroup;
			children = (
				43F702BF263C1E57008210D0 /* SpaceInfoNASA.app */,
			);
			name = Products;
			sourceTree = "<group>";
		};
		43F702C1263C1E57008210D0 /* SpaceInfoNASA */ = {
			isa = PBXGroup;
			children = (
				43F702DA263C3E67008210D0 /* Models */,
				43F702D6263C1E95008210D0 /* Supporting */,
				43F702D7263C1EA1008210D0 /* ViewControllers */,
				43F702D9263C1EC3008210D0 /* Srotyboards */,
				43F702D8263C1EAF008210D0 /* Resources */,
			);
			path = SpaceInfoNASA;
			sourceTree = "<group>";
		};
		43F702D6263C1E95008210D0 /* Supporting */ = {
			isa = PBXGroup;
			children = (
				43F702D0263C1E58008210D0 /* Info.plist */,
				43F702C2263C1E57008210D0 /* AppDelegate.swift */,
				43F702C4263C1E57008210D0 /* SceneDelegate.swift */,
			);
			path = Supporting;
			sourceTree = "<group>";
		};
		43F702D7263C1EA1008210D0 /* ViewControllers */ = {
			isa = PBXGroup;
			children = (
				43F702C6263C1E57008210D0 /* ViewController.swift */,
			);
			path = ViewControllers;
			sourceTree = "<group>";
		};
		43F702D8263C1EAF008210D0 /* Resources */ = {
			isa = PBXGroup;
			children = (
				43F702CB263C1E58008210D0 /* Assets.xcassets */,
			);
			path = Resources;
			sourceTree = "<group>";
		};
		43F702D9263C1EC3008210D0 /* Srotyboards */ = {
			isa = PBXGroup;
			children = (
				43F702CD263C1E58008210D0 /* LaunchScreen.storyboard */,
				43F702C8263C1E57008210D0 /* Main.storyboard */,
			);
			path = Srotyboards;
			sourceTree = "<group>";
		};
		43F702DA263C3E67008210D0 /* Models */ = {
			isa = PBXGroup;
			children = (
			);
			path = Models;
			sourceTree = "<group>";
		};
/* End PBXGroup section */

/* Begin PBXNativeTarget section */
		43F702BE263C1E57008210D0 /* SpaceInfoNASA */ = {
			isa = PBXNativeTarget;
			buildConfigurationList = 43F702D3263C1E58008210D0 /* Build configuration list for PBXNativeTarget "SpaceInfoNASA" */;
			buildPhases = (
				43F702BB263C1E57008210D0 /* Sources */,
				43F702BC263C1E57008210D0 /* Frameworks */,
				43F702BD263C1E57008210D0 /* Resources */,
			);
			buildRules = (
			);
			dependencies = (
			);
			name = SpaceInfoNASA;
			productName = SpaceInfoNASA;
			productReference = 43F702BF263C1E57008210D0 /* SpaceInfoNASA.app */;
			productType = "com.apple.product-type.application";
		};
/* End PBXNativeTarget section */

/* Begin PBXProject section */
		43F702B7263C1E57008210D0 /* Project object */ = {
			isa = PBXProject;
			attributes = {
				LastSwiftUpdateCheck = 1250;
				LastUpgradeCheck = 1250;
				TargetAttributes = {
					43F702BE263C1E57008210D0 = {
						CreatedOnToolsVersion = 12.5;
					};
				};
			};
			buildConfigurationList = 43F702BA263C1E57008210D0 /* Build configuration list for PBXProject "SpaceInfoNASA" */;
			compatibilityVersion = "Xcode 9.3";
			developmentRegion = en;
			hasScannedForEncodings = 0;
			knownRegions = (
				en,
				Base,
			);
			mainGroup = 43F702B6263C1E57008210D0;
			productRefGroup = 43F702C0263C1E57008210D0 /* Products */;
			projectDirPath = "";
			projectRoot = "";
			targets = (
				43F702BE263C1E57008210D0 /* SpaceInfoNASA */,
			);
		};
/* End PBXProject section */

/* Begin PBXResourcesBuildPhase section */
		43F702BD263C1E57008210D0 /* Resources */ = {
			isa = PBXResourcesBuildPhase;
			buildActionMask = 2147483647;
			files = (
				43F702CF263C1E58008210D0 /* LaunchScreen.storyboard in Resources */,
				43F702CC263C1E58008210D0 /* Assets.xcassets in Resources */,
				43F702CA263C1E57008210D0 /* Main.storyboard in Resources */,
			);
			runOnlyForDeploymentPostprocessing = 0;
		};
/* End PBXResourcesBuildPhase section */

/* Begin PBXSourcesBuildPhase section */
		43F702BB263C1E57008210D0 /* Sources */ = {
			isa = PBXSourcesBuildPhase;
			buildActionMask = 2147483647;
			files = (
				43F702C7263C1E57008210D0 /* ViewController.swift in Sources */,
				43F702C3263C1E57008210D0 /* AppDelegate.swift in Sources */,
				43F702C5263C1E57008210D0 /* SceneDelegate.swift in Sources */,
			);
			runOnlyForDeploymentPostprocessing = 0;
		};
/* End PBXSourcesBuildPhase section */

/* Begin PBXVariantGroup section */
		43F702C8263C1E57008210D0 /* Main.storyboard */ = {
			isa = PBXVariantGroup;
			children = (
				43F702C9263C1E57008210D0 /* Base */,
			);
			name = Main.storyboard;
			sourceTree = "<group>";
		};
		43F702CD263C1E58008210D0 /* LaunchScreen.storyboard */ = {
			isa = PBXVariantGroup;
			children = (
				43F702CE263C1E58008210D0 /* Base */,
			);
			name = LaunchScreen.storyboard;
			sourceTree = "<group>";
		};
/* End PBXVariantGroup section */

/* Begin XCBuildConfiguration section */
		43F702D1263C1E58008210D0 /* Debug */ = {
			isa = XCBuildConfiguration;
			buildSettings = {
				ALWAYS_SEARCH_USER_PATHS = NO;
				CLANG_ANALYZER_NONNULL = YES;
				CLANG_ANALYZER_NUMBER_OBJECT_CONVERSION = YES_AGGRESSIVE;
				CLANG_CXX_LANGUAGE_STANDARD = "gnu++14";
				CLANG_CXX_LIBRARY = "libc++";
				CLANG_ENABLE_MODULES = YES;
				CLANG_ENABLE_OBJC_ARC = YES;
				CLANG_ENABLE_OBJC_WEAK = YES;
				CLANG_WARN_BLOCK_CAPTURE_AUTORELEASING = YES;
				CLANG_WARN_BOOL_CONVERSION = YES;
				CLANG_WARN_COMMA = YES;
				CLANG_WARN_CONSTANT_CONVERSION = YES;
				CLANG_WARN_DEPRECATED_OBJC_IMPLEMENTATIONS = YES;
				CLANG_WARN_DIRECT_OBJC_ISA_USAGE = YES_ERROR;
				CLANG_WARN_DOCUMENTATION_COMMENTS = YES;
				CLANG_WARN_EMPTY_BODY = YES;
				CLANG_WARN_ENUM_CONVERSION = YES;
				CLANG_WARN_INFINITE_RECURSION = YES;
				CLANG_WARN_INT_CONVERSION = YES;
				CLANG_WARN_NON_LITERAL_NULL_CONVERSION = YES;
				CLANG_WARN_OBJC_IMPLICIT_RETAIN_SELF = YES;
				CLANG_WARN_OBJC_LITERAL_CONVERSION = YES;
				CLANG_WARN_OBJC_ROOT_CLASS = YES_ERROR;
				CLANG_WARN_QUOTED_INCLUDE_IN_FRAMEWORK_HEADER = YES;
				CLANG_WARN_RANGE_LOOP_ANALYSIS = YES;
				CLANG_WARN_STRICT_PROTOTYPES = YES;
				CLANG_WARN_SUSPICIOUS_MOVE = YES;
				CLANG_WARN_UNGUARDED_AVAILABILITY = YES_AGGRESSIVE;
				CLANG_WARN_UNREACHABLE_CODE = YES;
				CLANG_WARN__DUPLICATE_METHOD_MATCH = YES;
				COPY_PHASE_STRIP = NO;
				DEBUG_INFORMATION_FORMAT = dwarf;
				ENABLE_STRICT_OBJC_MSGSEND = YES;
				ENABLE_TESTABILITY = YES;
				GCC_C_LANGUAGE_STANDARD = gnu11;
				GCC_DYNAMIC_NO_PIC = NO;
				GCC_NO_COMMON_BLOCKS = YES;
				GCC_OPTIMIZATION_LEVEL = 0;
				GCC_PREPROCESSOR_DEFINITIONS = (
					"DEBUG=1",
					"$(inherited)",
				);
				GCC_WARN_64_TO_32_BIT_CONVERSION = YES;
				GCC_WARN_ABOUT_RETURN_TYPE = YES_ERROR;
				GCC_WARN_UNDECLARED_SELECTOR = YES;
				GCC_WARN_UNINITIALIZED_AUTOS = YES_AGGRESSIVE;
				GCC_WARN_UNUSED_FUNCTION = YES;
				GCC_WARN_UNUSED_VARIABLE = YES;
				IPHONEOS_DEPLOYMENT_TARGET = 14.5;
				MTL_ENABLE_DEBUG_INFO = INCLUDE_SOURCE;
				MTL_FAST_MATH = YES;
				ONLY_ACTIVE_ARCH = YES;
				SDKROOT = iphoneos;
				SWIFT_ACTIVE_COMPILATION_CONDITIONS = DEBUG;
				SWIFT_OPTIMIZATION_LEVEL = "-Onone";
			};
			name = Debug;
		};
		43F702D2263C1E58008210D0 /* Release */ = {
			isa = XCBuildConfiguration;
			buildSettings = {
				ALWAYS_SEARCH_USER_PATHS = NO;
				CLANG_ANALYZER_NONNULL = YES;
				CLANG_ANALYZER_NUMBER_OBJECT_CONVERSION = YES_AGGRESSIVE;
				CLANG_CXX_LANGUAGE_STANDARD = "gnu++14";
				CLANG_CXX_LIBRARY = "libc++";
				CLANG_ENABLE_MODULES = YES;
				CLANG_ENABLE_OBJC_ARC = YES;
				CLANG_ENABLE_OBJC_WEAK = YES;
				CLANG_WARN_BLOCK_CAPTURE_AUTORELEASING = YES;
				CLANG_WARN_BOOL_CONVERSION = YES;
				CLANG_WARN_COMMA = YES;
				CLANG_WARN_CONSTANT_CONVERSION = YES;
				CLANG_WARN_DEPRECATED_OBJC_IMPLEMENTATIONS = YES;
				CLANG_WARN_DIRECT_OBJC_ISA_USAGE = YES_ERROR;
				CLANG_WARN_DOCUMENTATION_COMMENTS = YES;
				CLANG_WARN_EMPTY_BODY = YES;
				CLANG_WARN_ENUM_CONVERSION = YES;
				CLANG_WARN_INFINITE_RECURSION = YES;
				CLANG_WARN_INT_CONVERSION = YES;
				CLANG_WARN_NON_LITERAL_NULL_CONVERSION = YES;
				CLANG_WARN_OBJC_IMPLICIT_RETAIN_SELF = YES;
				CLANG_WARN_OBJC_LITERAL_CONVERSION = YES;
				CLANG_WARN_OBJC_ROOT_CLASS = YES_ERROR;
				CLANG_WARN_QUOTED_INCLUDE_IN_FRAMEWORK_HEADER = YES;
				CLANG_WARN_RANGE_LOOP_ANALYSIS = YES;
				CLANG_WARN_STRICT_PROTOTYPES = YES;
				CLANG_WARN_SUSPICIOUS_MOVE = YES;
				CLANG_WARN_UNGUARDED_AVAILABILITY = YES_AGGRESSIVE;
				CLANG_WARN_UNREACHABLE_CODE = YES;
				CLANG_WARN__DUPLICATE_METHOD_MATCH = YES;
				COPY_PHASE_STRIP = NO;
				DEBUG_INFORMATION_FORMAT = "dwarf-with-dsym";
				ENABLE_NS_ASSERTIONS = NO;
				ENABLE_STRICT_OBJC_MSGSEND = YES;
				GCC_C_LANGUAGE_STANDARD = gnu11;
				GCC_NO_COMMON_BLOCKS = YES;
				GCC_WARN_64_TO_32_BIT_CONVERSION = YES;
				GCC_WARN_ABOUT_RETURN_TYPE = YES_ERROR;
				GCC_WARN_UNDECLARED_SELECTOR = YES;
				GCC_WARN_UNINITIALIZED_AUTOS = YES_AGGRESSIVE;
				GCC_WARN_UNUSED_FUNCTION = YES;
				GCC_WARN_UNUSED_VARIABLE = YES;
				IPHONEOS_DEPLOYMENT_TARGET = 14.5;
				MTL_ENABLE_DEBUG_INFO = NO;
				MTL_FAST_MATH = YES;
				SDKROOT = iphoneos;
				SWIFT_COMPILATION_MODE = wholemodule;
				SWIFT_OPTIMIZATION_LEVEL = "-O";
				VALIDATE_PRODUCT = YES;
			};
			name = Release;
		};
		43F702D4263C1E58008210D0 /* Debug */ = {
			isa = XCBuildConfiguration;
			buildSettings = {
				ASSETCATALOG_COMPILER_APPICON_NAME = AppIcon;
				ASSETCATALOG_COMPILER_GLOBAL_ACCENT_COLOR_NAME = AccentColor;
				CODE_SIGN_STYLE = Automatic;
				DEVELOPMENT_TEAM = X7L83V7V4P;
				INFOPLIST_FILE = SpaceInfoNASA/Supporting/Info.plist;
				LD_RUNPATH_SEARCH_PATHS = (
					"$(inherited)",
					"@executable_path/Frameworks",
				);
				PRODUCT_BUNDLE_IDENTIFIER = Sergeytsev.SpaceInfoNASA;
				PRODUCT_NAME = "$(TARGET_NAME)";
				SWIFT_VERSION = 5.0;
				TARGETED_DEVICE_FAMILY = "1,2";
			};
			name = Debug;
		};
		43F702D5263C1E58008210D0 /* Release */ = {
			isa = XCBuildConfiguration;
			buildSettings = {
				ASSETCATALOG_COMPILER_APPICON_NAME = AppIcon;
				ASSETCATALOG_COMPILER_GLOBAL_ACCENT_COLOR_NAME = AccentColor;
				CODE_SIGN_STYLE = Automatic;
				DEVELOPMENT_TEAM = X7L83V7V4P;
				INFOPLIST_FILE = SpaceInfoNASA/Supporting/Info.plist;
				LD_RUNPATH_SEARCH_PATHS = (
					"$(inherited)",
					"@executable_path/Frameworks",
				);
				PRODUCT_BUNDLE_IDENTIFIER = Sergeytsev.SpaceInfoNASA;
				PRODUCT_NAME = "$(TARGET_NAME)";
				SWIFT_VERSION = 5.0;
				TARGETED_DEVICE_FAMILY = "1,2";
			};
			name = Release;
		};
/* End XCBuildConfiguration section */

/* Begin XCConfigurationList section */
		43F702BA263C1E57008210D0 /* Build configuration list for PBXProject "SpaceInfoNASA" */ = {
			isa = XCConfigurationList;
			buildConfigurations = (
				43F702D1263C1E58008210D0 /* Debug */,
				43F702D2263C1E58008210D0 /* Release */,
			);
			defaultConfigurationIsVisible = 0;
			defaultConfigurationName = Release;
		};
		43F702D3263C1E58008210D0 /* Build configuration list for PBXNativeTarget "SpaceInfoNASA" */ = {
			isa = XCConfigurationList;
			buildConfigurations = (
				43F702D4263C1E58008210D0 /* Debug */,
				43F702D5263C1E58008210D0 /* Release */,
			);
			defaultConfigurationIsVisible = 0;
			defaultConfigurationName = Release;
		};
/* End XCConfigurationList section */
	};
	rootObject = 43F702B7263C1E57008210D0 /* Project object */;
}
